
Microsoft Visual Studio Solution File, Format Version 12.00
# Visual Studio Version 17
VisualStudioVersion = 17.14.37111.16 d17.14
MinimumVisualStudioVersion = 10.0.40219.1
Project("{2150E333-8FDC-42A3-9474-1A3956D46DE8}") = "Task0", "Task0", "{02EA681E-C7D8-13C7-8484-4AC65E1B71E8}"
EndProject
Project("{FAE04EC0-301F-11D3-BF4B-00C04F79EFBC}") = "Tyuiu.MautalievSI.Sprint1.Task0.V15", "Tyuiu.MautalievSI.Sprint1.Task0.V15\Tyuiu.MautalievSI.Sprint1.Task0.V15.csproj", "{EB7D6F80-08E5-4B54-BA5F-53ED224B2F28}"
EndProject
Project("{FAE04EC0-301F-11D3-BF4B-00C04F79EFBC}") = "Tyuiu.MautalievSI.Sprint1.Task0.V15.Lib", "Tyuiu.MautalievSI.Sprint1.Task0.V15.Lib\Tyuiu.MautalievSI.Sprint1.Task0.V15.Lib.csproj", "{10570110-CE7C-462B-8402-03F6DC526D58}"
EndProject
Project("{FAE04EC0-301F-11D3-BF4B-00C04F79EFBC}") = "Tyuiu.MautalievSI.Sprint1.Task0.V15.Test", "Tyuiu.MautalievSI.Sprint1.Task0.V15.Test\Tyuiu.MautalievSI.Sprint1.Task0.V15.Test.csproj", "{63D97A1B-58BD-41A3-A681-EDEF6FEE6595}"
EndProject
Global
	GlobalSection(SolutionConfigurationPlatforms) = preSolution
		Debug|Any CPU = Debug|Any CPU
		Release|Any CPU = Release|Any CPU
	EndGlobalSection
	GlobalSection(ProjectConfigurationPlatforms) = postSolution
		{EB7D6F80-08E5-4B54-BA5F-53ED224B2F28}.Debug|Any CPU.ActiveCfg = Debug|Any CPU
		{EB7D6F80-08E5-4B54-BA5F-53ED224B2F28}.Debug|Any CPU.Build.0 = Debug|Any CPU
		{EB7D6F80-08E5-4B54-BA5F-53ED224B2F28}.Release|Any CPU.ActiveCfg = Release|Any CPU
		{EB7D6F80-08E5-4B54-BA5F-53ED224B2F28}.Release|Any CPU.Build.0 = Release|Any CPU
		{10570110-CE7C-462B-8402-03F6DC526D58}.Debug|Any CPU.ActiveCfg = Debug|Any CPU
		{10570110-CE7C-462B-8402-03F6DC526D58}.Debug|Any CPU.Build.0 = Debug|Any CPU
		{10570110-CE7C-462B-8402-03F6DC526D58}.Release|Any CPU.ActiveCfg = Release|Any CPU
		{10570110-CE7C-462B-8402-03F6DC526D58}.Release|Any CPU.Build.0 = Release|Any CPU
		{63D97A1B-58BD-41A3-A681-EDEF6FEE6595}.Debug|Any CPU.ActiveCfg = Debug|Any CPU
		{63D97A1B-58BD-41A3-A681-EDEF6FEE6595}.Debug|Any CPU.Build.0 = Debug|Any CPU
		{63D97A1B-58BD-41A3-A681-EDEF6FEE6595}.Release|Any CPU.ActiveCfg = Release|Any CPU
		{63D97A1B-58BD-41A3-A681-EDEF6FEE6595}.Release|Any CPU.Build.0 = Release|Any CPU
	EndGlobalSection
	GlobalSection(SolutionProperties) = preSolution
		HideSolutionNode = FALSE
	EndGlobalSection
	GlobalSection(NestedProjects) = preSolution
		{EB7D6F80-08E5-4B54-BA5F-53ED224B2F28} = {02EA681E-C7D8-13C7-8484-4AC65E1B71E8}
		{10570110-CE7C-462B-8402-03F6DC526D58} = {02EA681E-C7D8-13C7-8484-4AC65E1B71E8}
		{63D97A1B-58BD-41A3-A681-EDEF6FEE6595} = {02EA681E-C7D8-13C7-8484-4AC65E1B71E8}
	EndGlobalSection
	GlobalSection(ExtensibilityGlobals) = postSolution
		SolutionGuid = {DB645C92-B7E4-41B4-A497-E3BE6A4119FB}
	EndGlobalSection
EndGlobal
